{
    "_readme": [
        "This file locks the dependencies of your project to a known state",
        "Read more about it at https://getcomposer.org/doc/01-basic-usage.md#installing-dependencies",
        "This file is @generated automatically"
    ],
    "content-hash": "a6052d535b85e00002f0849394baf488",
    "packages": [
        {
            "name": "bakangoa/ngbin-framework",
            "version": "dev-main",
            "source": {
                "type": "git",
                "url": "https://github.com/bakangoa/ngbin-framework.git",
                "reference": "c2533fc346c4f0c5f3c5ca30e5edf244d71aaa24"
            },
            "dist": {
                "type": "zip",
                "url": "https://api.github.com/repos/bakangoa/ngbin-framework/zipball/c2533fc346c4f0c5f3c5ca30e5edf244d71aaa24",
                "reference": "c2533fc346c4f0c5f3c5ca30e5edf244d71aaa24",
                "shasum": ""
            },
            "require": {
                "php": ">=7.2.0"
            },
            "default-branch": true,
            "type": "library",
            "autoload": {
                "psr-4": {
                    "Ngbin\\Framework\\Core\\Enum\\": "src/core/enum",
                    "Ngbin\\Framework\\Core\\": "src/core",
                    "Ngbin\\Framework\\Entity\\": "src/entities",
                    "Ngbin\\Framework\\Worker\\": "src/workers",
                    "Ngbin\\Framework\\Formatter\\": "src/formatter"
                },
                "files": [
                    "src/Pipeline.php",
                    "src/App.php"
                ]
            },
            "notification-url": "https://packagist.org/downloads/",
            "license": [
                "MIT"
            ],
            "authors": [
                {
                    "name": "Bakangoa Engineeering",
                    "email": "bakangoa@gmail.com"
                }
            ],
            "description": "Ngbin framework is a pretty simple PHP micro framework developed by our engineers to introduce a new way to handle and process http request",
            "support": {
                "issues": "https://github.com/bakangoa/ngbin-framework/issues",
                "source": "https://github.com/bakangoa/ngbin-framework/tree/main"
            },
            "time": "2021-05-06T07:08:05+00:00"
        }
    ],
    "packages-dev": [],
    "aliases": [],
    "minimum-stability": "dev",
    "stability-flags": {
        "bakangoa/ngbin-framework": 20
    },
    "prefer-stable": false,
    "prefer-lowest": false,
    "platform": [],
    "platform-dev": [],
    "plugin-api-version": "2.1.0"
}
